
Microsoft Visual Studio Solution File, Format Version 12.00
# Visual Studio 2013
VisualStudioVersion = 12.0.21005.1
MinimumVisualStudioVersion = 10.0.40219.1
Project("{8BC9CEB8-8B4A-11D0-8D11-00A0C91BC942}") = "PBD", "PBD\PBD.vcxproj", "{CFDD7053-20A1-4C2F-A397-EA4BE9749F1F}"
EndProject
Project("{8BC9CEB8-8B4A-11D0-8D11-00A0C91BC942}") = "CompareAnimations", "AlembicTools\CompareAnimations\CompareAnimations.vcxproj", "{CB6231B2-3353-4DEB-8973-ACF4779833A0}"
EndProject
Project("{8BC9CEB8-8B4A-11D0-8D11-00A0C91BC942}") = "ConvertRaw2EXR", "ConvertRaw2EXR\ConvertRaw2EXR.vcxproj", "{05405D10-9768-4582-A4EE-3CE85CF65063}"
EndProject
Project("{8BC9CEB8-8B4A-11D0-8D11-00A0C91BC942}") = "AnisotropicVeinModel", "AnisotropicVeinModel\AnisotropicVeinModel.vcxproj", "{005D67A6-8506-4126-95F5-85E7353995E2}"
EndProject
Global
	GlobalSection(SolutionConfigurationPlatforms) = preSolution
		Debug|Mixed Platforms = Debug|Mixed Platforms
		Debug|Win32 = Debug|Win32
		Debug|x64 = Debug|x64
		Release|Mixed Platforms = Release|Mixed Platforms
		Release|Win32 = Release|Win32
		Release|x64 = Release|x64
	EndGlobalSection
	GlobalSection(ProjectConfigurationPlatforms) = postSolution
		{CFDD7053-20A1-4C2F-A397-EA4BE9749F1F}.Debug|Mixed Platforms.ActiveCfg = Debug|Win32
		{CFDD7053-20A1-4C2F-A397-EA4BE9749F1F}.Debug|Mixed Platforms.Build.0 = Debug|Win32
		{CFDD7053-20A1-4C2F-A397-EA4BE9749F1F}.Debug|Win32.ActiveCfg = Debug|Win32
		{CFDD7053-20A1-4C2F-A397-EA4BE9749F1F}.Debug|Win32.Build.0 = Debug|Win32
		{CFDD7053-20A1-4C2F-A397-EA4BE9749F1F}.Debug|x64.ActiveCfg = Debug|x64
		{CFDD7053-20A1-4C2F-A397-EA4BE9749F1F}.Debug|x64.Build.0 = Debug|x64
		{CFDD7053-20A1-4C2F-A397-EA4BE9749F1F}.Release|Mixed Platforms.ActiveCfg = Release|Win32
		{CFDD7053-20A1-4C2F-A397-EA4BE9749F1F}.Release|Mixed Platforms.Build.0 = Release|Win32
		{CFDD7053-20A1-4C2F-A397-EA4BE9749F1F}.Release|Win32.ActiveCfg = Release|Win32
		{CFDD7053-20A1-4C2F-A397-EA4BE9749F1F}.Release|Win32.Build.0 = Release|Win32
		{CFDD7053-20A1-4C2F-A397-EA4BE9749F1F}.Release|x64.ActiveCfg = Release|x64
		{CFDD7053-20A1-4C2F-A397-EA4BE9749F1F}.Release|x64.Build.0 = Release|x64
		{CB6231B2-3353-4DEB-8973-ACF4779833A0}.Debug|Mixed Platforms.ActiveCfg = Debug|Win32
		{CB6231B2-3353-4DEB-8973-ACF4779833A0}.Debug|Mixed Platforms.Build.0 = Debug|Win32
		{CB6231B2-3353-4DEB-8973-ACF4779833A0}.Debug|Win32.ActiveCfg = Debug|Win32
		{CB6231B2-3353-4DEB-8973-ACF4779833A0}.Debug|Win32.Build.0 = Debug|Win32
		{CB6231B2-3353-4DEB-8973-ACF4779833A0}.Debug|x64.ActiveCfg = Debug|x64
		{CB6231B2-3353-4DEB-8973-ACF4779833A0}.Debug|x64.Build.0 = Debug|x64
		{CB6231B2-3353-4DEB-8973-ACF4779833A0}.Release|Mixed Platforms.ActiveCfg = Release|Win32
		{CB6231B2-3353-4DEB-8973-ACF4779833A0}.Release|Mixed Platforms.Build.0 = Release|Win32
		{CB6231B2-3353-4DEB-8973-ACF4779833A0}.Release|Win32.ActiveCfg = Release|Win32
		{CB6231B2-3353-4DEB-8973-ACF4779833A0}.Release|Win32.Build.0 = Release|Win32
		{CB6231B2-3353-4DEB-8973-ACF4779833A0}.Release|x64.ActiveCfg = Release|x64
		{CB6231B2-3353-4DEB-8973-ACF4779833A0}.Release|x64.Build.0 = Release|x64
		{05405D10-9768-4582-A4EE-3CE85CF65063}.Debug|Mixed Platforms.ActiveCfg = Debug|Win32
		{05405D10-9768-4582-A4EE-3CE85CF65063}.Debug|Mixed Platforms.Build.0 = Debug|Win32
		{05405D10-9768-4582-A4EE-3CE85CF65063}.Debug|Win32.ActiveCfg = Debug|Win32
		{05405D10-9768-4582-A4EE-3CE85CF65063}.Debug|Win32.Build.0 = Debug|Win32
		{05405D10-9768-4582-A4EE-3CE85CF65063}.Debug|x64.ActiveCfg = Debug|Win32
		{05405D10-9768-4582-A4EE-3CE85CF65063}.Release|Mixed Platforms.ActiveCfg = Release|Win32
		{05405D10-9768-4582-A4EE-3CE85CF65063}.Release|Mixed Platforms.Build.0 = Release|Win32
		{05405D10-9768-4582-A4EE-3CE85CF65063}.Release|Win32.ActiveCfg = Release|Win32
		{05405D10-9768-4582-A4EE-3CE85CF65063}.Release|Win32.Build.0 = Release|Win32
		{05405D10-9768-4582-A4EE-3CE85CF65063}.Release|x64.ActiveCfg = Release|x64
		{005D67A6-8506-4126-95F5-85E7353995E2}.Debug|Mixed Platforms.ActiveCfg = Debug|Win32
		{005D67A6-8506-4126-95F5-85E7353995E2}.Debug|Mixed Platforms.Build.0 = Debug|Win32
		{005D67A6-8506-4126-95F5-85E7353995E2}.Debug|Win32.ActiveCfg = Debug|Win32
		{005D67A6-8506-4126-95F5-85E7353995E2}.Debug|Win32.Build.0 = Debug|Win32
		{005D67A6-8506-4126-95F5-85E7353995E2}.Debug|x64.ActiveCfg = Debug|Win32
		{005D67A6-8506-4126-95F5-85E7353995E2}.Release|Mixed Platforms.ActiveCfg = Release|Win32
		{005D67A6-8506-4126-95F5-85E7353995E2}.Release|Mixed Platforms.Build.0 = Release|Win32
		{005D67A6-8506-4126-95F5-85E7353995E2}.Release|Win32.ActiveCfg = Release|Win32
		{005D67A6-8506-4126-95F5-85E7353995E2}.Release|Win32.Build.0 = Release|Win32
		{005D67A6-8506-4126-95F5-85E7353995E2}.Release|x64.ActiveCfg = Release|x64
	EndGlobalSection
	GlobalSection(SolutionProperties) = preSolution
		HideSolutionNode = FALSE
	EndGlobalSection
EndGlobal
